
Microsoft Visual Studio Solution File, Format Version 12.00
# Visual Studio Version 16
VisualStudioVersion = 16.0.31729.503
MinimumVisualStudioVersion = 10.0.40219.1
Project("{FAE04EC0-301F-11D3-BF4B-00C04F79EFBC}") = "Service", "Service\Service.csproj", "{70DABEA3-FB16-468F-834C-E8896EBD68F1}"
EndProject
Project("{FAE04EC0-301F-11D3-BF4B-00C04F79EFBC}") = "Contract", "Contract\Contract.csproj", "{EBA45B5F-20BE-423D-801B-DCA3814D9B4C}"
EndProject
Global
	GlobalSection(SolutionConfigurationPlatforms) = preSolution
		Debug|Any CPU = Debug|Any CPU
		Release|Any CPU = Release|Any CPU
	EndGlobalSection
	GlobalSection(ProjectConfigurationPlatforms) = postSolution
		{70DABEA3-FB16-468F-834C-E8896EBD68F1}.Debug|Any CPU.ActiveCfg = Debug|Any CPU
		{70DABEA3-FB16-468F-834C-E8896EBD68F1}.Debug|Any CPU.Build.0 = Debug|Any CPU
		{70DABEA3-FB16-468F-834C-E8896EBD68F1}.Release|Any CPU.ActiveCfg = Release|Any CPU
		{70DABEA3-FB16-468F-834C-E8896EBD68F1}.Release|Any CPU.Build.0 = Release|Any CPU
		{EBA45B5F-20BE-423D-801B-DCA3814D9B4C}.Debug|Any CPU.ActiveCfg = Debug|Any CPU
		{EBA45B5F-20BE-423D-801B-DCA3814D9B4C}.Debug|Any CPU.Build.0 = Debug|Any CPU
		{EBA45B5F-20BE-423D-801B-DCA3814D9B4C}.Release|Any CPU.ActiveCfg = Release|Any CPU
		{EBA45B5F-20BE-423D-801B-DCA3814D9B4C}.Release|Any CPU.Build.0 = Release|Any CPU
	EndGlobalSection
	GlobalSection(SolutionProperties) = preSolution
		HideSolutionNode = FALSE
	EndGlobalSection
	GlobalSection(ExtensibilityGlobals) = postSolution
		SolutionGuid = {8481E987-A725-4CE5-B65C-A6F74B1BAC8E}
	EndGlobalSection
EndGlobal
