
Microsoft Visual Studio Solution File, Format Version 12.00
# Visual Studio Version 16
VisualStudioVersion = 16.0.31729.503
MinimumVisualStudioVersion = 10.0.40219.1
Project("{FAE04EC0-301F-11D3-BF4B-00C04F79EFBC}") = "Service", "Service\Service.csproj", "{70DABEA3-FB16-468F-834C-E8896EBD68F1}"
EndProject
Project("{FAE04EC0-301F-11D3-BF4B-00C04F79EFBC}") = "Client", "Client\Client.csproj", "{FD2A95BE-89DD-4ECA-B907-F8599F83F407}"
EndProject
Project("{FAE04EC0-301F-11D3-BF4B-00C04F79EFBC}") = "Library1", "Library1\Library1.csproj", "{3A523502-9A19-431D-A358-270AAF1BC81A}"
EndProject
Project("{FAE04EC0-301F-11D3-BF4B-00C04F79EFBC}") = "Manager", "Manager\Manager.csproj", "{C9240A71-4BC3-4173-9960-96CCAB743F95}"
EndProject
Project("{FAE04EC0-301F-11D3-BF4B-00C04F79EFBC}") = "Database", "Database\Database.csproj", "{E7457FDB-436A-4B88-840F-6AE4F3F6D53B}"
EndProject
Global
	GlobalSection(SolutionConfigurationPlatforms) = preSolution
		Debug|Any CPU = Debug|Any CPU
		Debug|x64 = Debug|x64
		Release|Any CPU = Release|Any CPU
		Release|x64 = Release|x64
	EndGlobalSection
	GlobalSection(ProjectConfigurationPlatforms) = postSolution
		{70DABEA3-FB16-468F-834C-E8896EBD68F1}.Debug|Any CPU.ActiveCfg = Debug|Any CPU
		{70DABEA3-FB16-468F-834C-E8896EBD68F1}.Debug|Any CPU.Build.0 = Debug|Any CPU
		{70DABEA3-FB16-468F-834C-E8896EBD68F1}.Debug|x64.ActiveCfg = Debug|Any CPU
		{70DABEA3-FB16-468F-834C-E8896EBD68F1}.Debug|x64.Build.0 = Debug|Any CPU
		{70DABEA3-FB16-468F-834C-E8896EBD68F1}.Release|Any CPU.ActiveCfg = Release|Any CPU
		{70DABEA3-FB16-468F-834C-E8896EBD68F1}.Release|Any CPU.Build.0 = Release|Any CPU
		{70DABEA3-FB16-468F-834C-E8896EBD68F1}.Release|x64.ActiveCfg = Release|Any CPU
		{70DABEA3-FB16-468F-834C-E8896EBD68F1}.Release|x64.Build.0 = Release|Any CPU
		{FD2A95BE-89DD-4ECA-B907-F8599F83F407}.Debug|Any CPU.ActiveCfg = Debug|Any CPU
		{FD2A95BE-89DD-4ECA-B907-F8599F83F407}.Debug|Any CPU.Build.0 = Debug|Any CPU
		{FD2A95BE-89DD-4ECA-B907-F8599F83F407}.Debug|x64.ActiveCfg = Debug|Any CPU
		{FD2A95BE-89DD-4ECA-B907-F8599F83F407}.Debug|x64.Build.0 = Debug|Any CPU
		{FD2A95BE-89DD-4ECA-B907-F8599F83F407}.Release|Any CPU.ActiveCfg = Release|Any CPU
		{FD2A95BE-89DD-4ECA-B907-F8599F83F407}.Release|Any CPU.Build.0 = Release|Any CPU
		{FD2A95BE-89DD-4ECA-B907-F8599F83F407}.Release|x64.ActiveCfg = Release|Any CPU
		{FD2A95BE-89DD-4ECA-B907-F8599F83F407}.Release|x64.Build.0 = Release|Any CPU
		{3A523502-9A19-431D-A358-270AAF1BC81A}.Debug|Any CPU.ActiveCfg = Debug|Any CPU
		{3A523502-9A19-431D-A358-270AAF1BC81A}.Debug|Any CPU.Build.0 = Debug|Any CPU
		{3A523502-9A19-431D-A358-270AAF1BC81A}.Debug|x64.ActiveCfg = Debug|Any CPU
		{3A523502-9A19-431D-A358-270AAF1BC81A}.Debug|x64.Build.0 = Debug|Any CPU
		{3A523502-9A19-431D-A358-270AAF1BC81A}.Release|Any CPU.ActiveCfg = Release|Any CPU
		{3A523502-9A19-431D-A358-270AAF1BC81A}.Release|Any CPU.Build.0 = Release|Any CPU
		{3A523502-9A19-431D-A358-270AAF1BC81A}.Release|x64.ActiveCfg = Release|Any CPU
		{3A523502-9A19-431D-A358-270AAF1BC81A}.Release|x64.Build.0 = Release|Any CPU
		{C9240A71-4BC3-4173-9960-96CCAB743F95}.Debug|Any CPU.ActiveCfg = Debug|Any CPU
		{C9240A71-4BC3-4173-9960-96CCAB743F95}.Debug|Any CPU.Build.0 = Debug|Any CPU
		{C9240A71-4BC3-4173-9960-96CCAB743F95}.Debug|x64.ActiveCfg = Debug|Any CPU
		{C9240A71-4BC3-4173-9960-96CCAB743F95}.Debug|x64.Build.0 = Debug|Any CPU
		{C9240A71-4BC3-4173-9960-96CCAB743F95}.Release|Any CPU.ActiveCfg = Release|Any CPU
		{C9240A71-4BC3-4173-9960-96CCAB743F95}.Release|Any CPU.Build.0 = Release|Any CPU
		{C9240A71-4BC3-4173-9960-96CCAB743F95}.Release|x64.ActiveCfg = Release|Any CPU
		{C9240A71-4BC3-4173-9960-96CCAB743F95}.Release|x64.Build.0 = Release|Any CPU
		{E7457FDB-436A-4B88-840F-6AE4F3F6D53B}.Debug|Any CPU.ActiveCfg = Debug|Any CPU
		{E7457FDB-436A-4B88-840F-6AE4F3F6D53B}.Debug|Any CPU.Build.0 = Debug|Any CPU
		{E7457FDB-436A-4B88-840F-6AE4F3F6D53B}.Debug|x64.ActiveCfg = Debug|Any CPU
		{E7457FDB-436A-4B88-840F-6AE4F3F6D53B}.Debug|x64.Build.0 = Debug|Any CPU
		{E7457FDB-436A-4B88-840F-6AE4F3F6D53B}.Release|Any CPU.ActiveCfg = Release|Any CPU
		{E7457FDB-436A-4B88-840F-6AE4F3F6D53B}.Release|Any CPU.Build.0 = Release|Any CPU
		{E7457FDB-436A-4B88-840F-6AE4F3F6D53B}.Release|x64.ActiveCfg = Release|Any CPU
		{E7457FDB-436A-4B88-840F-6AE4F3F6D53B}.Release|x64.Build.0 = Release|Any CPU
	EndGlobalSection
	GlobalSection(SolutionProperties) = preSolution
		HideSolutionNode = FALSE
	EndGlobalSection
	GlobalSection(ExtensibilityGlobals) = postSolution
		SolutionGuid = {8481E987-A725-4CE5-B65C-A6F74B1BAC8E}
	EndGlobalSection
EndGlobal
